{
  "name": "idb",
  "version": "3.0.0",
  "lockfileVersion": 1,
  "requires": true,
  "dependencies": {
    "@types/estree": {
      "version": "0.0.39",
      "resolved": "https://registry.npmjs.org/@types/estree/-/estree-0.0.39.tgz",
      "integrity": "sha512-EYNwp3bU+98cpU4lAWYYL7Zz+2gryWH1qbdDTidVd6hkiR6weksdbMadyXKXNPEkQFhXM+hVO9ZygomHXp+AIw==",
      "dev": true
    },
    "@types/node": {
      "version": "10.12.18",
      "resolved": "https://registry.npmjs.org/@types/node/-/node-10.12.18.tgz",
      "integrity": "sha512-fh+pAqt4xRzPfqA6eh3Z2y6fyZavRIumvjhaCL753+TVkGKGhpPeyrJG2JftD0T9q4GF00KjefsQ+PQNDdWQaQ==",
      "dev": true
    },
    "acorn": {
      "version": "6.0.5",
      "resolved": "https://registry.npmjs.org/acorn/-/acorn-6.0.5.tgz",
      "integrity": "sha512-i33Zgp3XWtmZBMNvCr4azvOFeWVw1Rk6p3hfi3LUDvIFraOMywb1kAtrbi+med14m4Xfpqm3zRZMT+c0FNE7kg==",
      "dev": true
    },
    "rollup": {
      "version": "1.1.0",
      "resolved": "https://registry.npmjs.org/rollup/-/rollup-1.1.0.tgz",
      "integrity": "sha512-NK03gkkOz0CchHBMGomcNqa6U3jLNzHuWK9SI0+1FV475JA6cQxVtjlDcQoKKDNIQ3IwYumIlgoKYDEWUyFBwQ==",
      "dev": true,
      "requires": {
        "@types/estree": "0.0.39",
        "@types/node": "*",
        "acorn": "^6.0.5"
      }
    }
  }
}
